// !$*UTF8*$!
{
	archiveVersion = 1;
	classes = {
	};
	objectVersion = 54;
	objects = {

/* Begin PBXBuildFile section */
		BA82E0102579EC800009853A /* main.swift in Sources */ = {isa = PBXBuildFile; fileRef = BA82E00F2579EC800009853A /* main.swift */; };
		BA82E01F257A804E0009853A /* String+Whitespaces.swift in Sources */ = {isa = PBXBuildFile; fileRef = BA82E01E257A804E0009853A /* String+Whitespaces.swift */; };
		BA82E023257A8FE30009853A /* ArgumentParser in Frameworks */ = {isa = PBXBuildFile; productRef = BA82E022257A8FE30009853A /* ArgumentParser */; };
		BA82E027257A99BD0009853A /* DirectoryHelper.swift in Sources */ = {isa = PBXBuildFile; fileRef = BA82E026257A99BD0009853A /* DirectoryHelper.swift */; };
		BA82E02A257A9B920009853A /* FileReader.swift in Sources */ = {isa = PBXBuildFile; fileRef = BA82E029257A9B920009853A /* FileReader.swift */; };
		BA82E02D257A9C550009853A /* FileAnalyzer.swift in Sources */ = {isa = PBXBuildFile; fileRef = BA82E02C257A9C550009853A /* FileAnalyzer.swift */; };
		BA82E033257A9DAA0009853A /* LocalizationCodeFile.swift in Sources */ = {isa = PBXBuildFile; fileRef = BA82E032257A9DAA0009853A /* LocalizationCodeFile.swift */; };
		BA82E289257C1BC50009853A /* Logger.swift in Sources */ = {isa = PBXBuildFile; fileRef = BA82E288257C1BC50009853A /* Logger.swift */; };
		BA82E2C3257D44840009853A /* LocalizationStringsFile.swift in Sources */ = {isa = PBXBuildFile; fileRef = BA82E2C2257D44840009853A /* LocalizationStringsFile.swift */; };
		BA82E2C7257DACE90009853A /* Loggable.swift in Sources */ = {isa = PBXBuildFile; fileRef = BA82E2C6257DACE90009853A /* Loggable.swift */; };
		BA82E2CA257DACFC0009853A /* BuildLog.swift in Sources */ = {isa = PBXBuildFile; fileRef = BA82E2C9257DACFC0009853A /* BuildLog.swift */; };
/* End PBXBuildFile section */

/* Begin PBXCopyFilesBuildPhase section */
		BA82E00A2579EC7F0009853A /* CopyFiles */ = {
			isa = PBXCopyFilesBuildPhase;
			buildActionMask = 2147483647;
			dstPath = /usr/share/man/man1/;
			dstSubfolderSpec = 0;
			files = (
			);
			runOnlyForDeploymentPostprocessing = 1;
		};
/* End PBXCopyFilesBuildPhase section */

/* Begin PBXFileReference section */
		BA82E00C2579EC7F0009853A /* Localizerlint */ = {isa = PBXFileReference; explicitFileType = "compiled.mach-o.executable"; includeInIndex = 0; path = Localizerlint; sourceTree = BUILT_PRODUCTS_DIR; };
		BA82E00F2579EC800009853A /* main.swift */ = {isa = PBXFileReference; lastKnownFileType = sourcecode.swift; path = main.swift; sourceTree = "<group>"; };
		BA82E01E257A804E0009853A /* String+Whitespaces.swift */ = {isa = PBXFileReference; lastKnownFileType = sourcecode.swift; path = "String+Whitespaces.swift"; sourceTree = "<group>"; };
		BA82E026257A99BD0009853A /* DirectoryHelper.swift */ = {isa = PBXFileReference; lastKnownFileType = sourcecode.swift; path = DirectoryHelper.swift; sourceTree = "<group>"; };
		BA82E029257A9B920009853A /* FileReader.swift */ = {isa = PBXFileReference; lastKnownFileType = sourcecode.swift; path = FileReader.swift; sourceTree = "<group>"; };
		BA82E02C257A9C550009853A /* FileAnalyzer.swift */ = {isa = PBXFileReference; lastKnownFileType = sourcecode.swift; path = FileAnalyzer.swift; sourceTree = "<group>"; };
		BA82E032257A9DAA0009853A /* LocalizationCodeFile.swift */ = {isa = PBXFileReference; lastKnownFileType = sourcecode.swift; path = LocalizationCodeFile.swift; sourceTree = "<group>"; };
		BA82E288257C1BC50009853A /* Logger.swift */ = {isa = PBXFileReference; lastKnownFileType = sourcecode.swift; path = Logger.swift; sourceTree = "<group>"; };
		BA82E2C2257D44840009853A /* LocalizationStringsFile.swift */ = {isa = PBXFileReference; fileEncoding = 4; lastKnownFileType = sourcecode.swift; path = LocalizationStringsFile.swift; sourceTree = "<group>"; };
		BA82E2C6257DACE90009853A /* Loggable.swift */ = {isa = PBXFileReference; lastKnownFileType = sourcecode.swift; path = Loggable.swift; sourceTree = "<group>"; };
		BA82E2C9257DACFC0009853A /* BuildLog.swift */ = {isa = PBXFileReference; lastKnownFileType = sourcecode.swift; path = BuildLog.swift; sourceTree = "<group>"; };
/* End PBXFileReference section */

/* Begin PBXFrameworksBuildPhase section */
		BA82E0092579EC7F0009853A /* Frameworks */ = {
			isa = PBXFrameworksBuildPhase;
			buildActionMask = 2147483647;
			files = (
				BA82E023257A8FE30009853A /* ArgumentParser in Frameworks */,
			);
			runOnlyForDeploymentPostprocessing = 0;
		};
/* End PBXFrameworksBuildPhase section */

/* Begin PBXGroup section */
		BA82E0032579EC7F0009853A = {
			isa = PBXGroup;
			children = (
				BA82E00E2579EC800009853A /* Localizerlint */,
				BA82E00D2579EC800009853A /* Products */,
			);
			sourceTree = "<group>";
		};
		BA82E00D2579EC800009853A /* Products */ = {
			isa = PBXGroup;
			children = (
				BA82E00C2579EC7F0009853A /* Localizerlint */,
			);
			name = Products;
			sourceTree = "<group>";
		};
		BA82E00E2579EC800009853A /* Localizerlint */ = {
			isa = PBXGroup;
			children = (
				BA82E00F2579EC800009853A /* main.swift */,
				BA82E025257A99760009853A /* Sources */,
				BA82E01D257A803E0009853A /* Utils */,
			);
			path = Localizerlint;
			sourceTree = "<group>";
		};
		BA82E01D257A803E0009853A /* Utils */ = {
			isa = PBXGroup;
			children = (
				BA82E2C5257DACD40009853A /* Logger */,
				BA82E01E257A804E0009853A /* String+Whitespaces.swift */,
				BA82E026257A99BD0009853A /* DirectoryHelper.swift */,
				BA82E029257A9B920009853A /* FileReader.swift */,
				BA82E02C257A9C550009853A /* FileAnalyzer.swift */,
			);
			name = Utils;
			sourceTree = "<group>";
		};
		BA82E025257A99760009853A /* Sources */ = {
			isa = PBXGroup;
			children = (
				BA82E2C2257D44840009853A /* LocalizationStringsFile.swift */,
				BA82E032257A9DAA0009853A /* LocalizationCodeFile.swift */,
			);
			name = Sources;
			sourceTree = "<group>";
		};
		BA82E2C5257DACD40009853A /* Logger */ = {
			isa = PBXGroup;
			children = (
				BA82E288257C1BC50009853A /* Logger.swift */,
				BA82E2C6257DACE90009853A /* Loggable.swift */,
				BA82E2C9257DACFC0009853A /* BuildLog.swift */,
			);
			path = Logger;
			sourceTree = "<group>";
		};
/* End PBXGroup section */

/* Begin PBXNativeTarget section */
		BA82E00B2579EC7F0009853A /* Localizerlint */ = {
			isa = PBXNativeTarget;
			buildConfigurationList = BA82E0132579EC800009853A /* Build configuration list for PBXNativeTarget "Localizerlint" */;
			buildPhases = (
				BA82E0082579EC7F0009853A /* Sources */,
				BA82E0092579EC7F0009853A /* Frameworks */,
				BA82E00A2579EC7F0009853A /* CopyFiles */,
			);
			buildRules = (
			);
			dependencies = (
			);
			name = Localizerlint;
			packageProductDependencies = (
				BA82E022257A8FE30009853A /* ArgumentParser */,
			);
			productName = LocalizableLint;
			productReference = BA82E00C2579EC7F0009853A /* Localizerlint */;
			productType = "com.apple.product-type.tool";
		};
/* End PBXNativeTarget section */

/* Begin PBXProject section */
		BA82E0042579EC7F0009853A /* Project object */ = {
			isa = PBXProject;
			attributes = {
				LastSwiftUpdateCheck = 1220;
				LastUpgradeCheck = 1220;
				TargetAttributes = {
					BA82E00B2579EC7F0009853A = {
						CreatedOnToolsVersion = 12.2;
					};
				};
			};
			buildConfigurationList = BA82E0072579EC7F0009853A /* Build configuration list for PBXProject "Localizerlint" */;
			compatibilityVersion = "Xcode 12.0";
			developmentRegion = en;
			hasScannedForEncodings = 0;
			knownRegions = (
				en,
				Base,
			);
			mainGroup = BA82E0032579EC7F0009853A;
			packageReferences = (
				BA82E021257A8FE30009853A /* XCRemoteSwiftPackageReference "swift-argument-parser" */,
			);
			productRefGroup = BA82E00D2579EC800009853A /* Products */;
			projectDirPath = "";
			projectRoot = "";
			targets = (
				BA82E00B2579EC7F0009853A /* Localizerlint */,
			);
		};
/* End PBXProject section */

/* Begin PBXSourcesBuildPhase section */
		BA82E0082579EC7F0009853A /* Sources */ = {
			isa = PBXSourcesBuildPhase;
			buildActionMask = 2147483647;
			files = (
				BA82E2C3257D44840009853A /* LocalizationStringsFile.swift in Sources */,
				BA82E2CA257DACFC0009853A /* BuildLog.swift in Sources */,
				BA82E033257A9DAA0009853A /* LocalizationCodeFile.swift in Sources */,
				BA82E02A257A9B920009853A /* FileReader.swift in Sources */,
				BA82E027257A99BD0009853A /* DirectoryHelper.swift in Sources */,
				BA82E289257C1BC50009853A /* Logger.swift in Sources */,
				BA82E01F257A804E0009853A /* String+Whitespaces.swift in Sources */,
				BA82E0102579EC800009853A /* main.swift in Sources */,
				BA82E2C7257DACE90009853A /* Loggable.swift in Sources */,
				BA82E02D257A9C550009853A /* FileAnalyzer.swift in Sources */,
			);
			runOnlyForDeploymentPostprocessing = 0;
		};
/* End PBXSourcesBuildPhase section */

/* Begin XCBuildConfiguration section */
		BA82E0112579EC800009853A /* Debug */ = {
			isa = XCBuildConfiguration;
			buildSettings = {
				ALWAYS_SEARCH_USER_PATHS = NO;
				CLANG_ANALYZER_NONNULL = YES;
				CLANG_ANALYZER_NUMBER_OBJECT_CONVERSION = YES_AGGRESSIVE;
				CLANG_CXX_LANGUAGE_STANDARD = "gnu++14";
				CLANG_CXX_LIBRARY = "libc++";
				CLANG_ENABLE_MODULES = YES;
				CLANG_ENABLE_OBJC_ARC = YES;
				CLANG_ENABLE_OBJC_WEAK = YES;
				CLANG_WARN_BLOCK_CAPTURE_AUTORELEASING = YES;
				CLANG_WARN_BOOL_CONVERSION = YES;
				CLANG_WARN_COMMA = YES;
				CLANG_WARN_CONSTANT_CONVERSION = YES;
				CLANG_WARN_DEPRECATED_OBJC_IMPLEMENTATIONS = YES;
				CLANG_WARN_DIRECT_OBJC_ISA_USAGE = YES_ERROR;
				CLANG_WARN_DOCUMENTATION_COMMENTS = YES;
				CLANG_WARN_EMPTY_BODY = YES;
				CLANG_WARN_ENUM_CONVERSION = YES;
				CLANG_WARN_INFINITE_RECURSION = YES;
				CLANG_WARN_INT_CONVERSION = YES;
				CLANG_WARN_NON_LITERAL_NULL_CONVERSION = YES;
				CLANG_WARN_OBJC_IMPLICIT_RETAIN_SELF = YES;
				CLANG_WARN_OBJC_LITERAL_CONVERSION = YES;
				CLANG_WARN_OBJC_ROOT_CLASS = YES_ERROR;
				CLANG_WARN_QUOTED_INCLUDE_IN_FRAMEWORK_HEADER = YES;
				CLANG_WARN_RANGE_LOOP_ANALYSIS = YES;
				CLANG_WARN_STRICT_PROTOTYPES = YES;
				CLANG_WARN_SUSPICIOUS_MOVE = YES;
				CLANG_WARN_UNGUARDED_AVAILABILITY = YES_AGGRESSIVE;
				CLANG_WARN_UNREACHABLE_CODE = YES;
				CLANG_WARN__DUPLICATE_METHOD_MATCH = YES;
				COPY_PHASE_STRIP = NO;
				DEBUG_INFORMATION_FORMAT = dwarf;
				ENABLE_STRICT_OBJC_MSGSEND = YES;
				ENABLE_TESTABILITY = YES;
				GCC_C_LANGUAGE_STANDARD = gnu11;
				GCC_DYNAMIC_NO_PIC = NO;
				GCC_NO_COMMON_BLOCKS = YES;
				GCC_OPTIMIZATION_LEVEL = 0;
				GCC_PREPROCESSOR_DEFINITIONS = (
					"DEBUG=1",
					"$(inherited)",
				);
				GCC_WARN_64_TO_32_BIT_CONVERSION = YES;
				GCC_WARN_ABOUT_RETURN_TYPE = YES_ERROR;
				GCC_WARN_UNDECLARED_SELECTOR = YES;
				GCC_WARN_UNINITIALIZED_AUTOS = YES_AGGRESSIVE;
				GCC_WARN_UNUSED_FUNCTION = YES;
				GCC_WARN_UNUSED_VARIABLE = YES;
				MACOSX_DEPLOYMENT_TARGET = 11.0;
				MTL_ENABLE_DEBUG_INFO = INCLUDE_SOURCE;
				MTL_FAST_MATH = YES;
				ONLY_ACTIVE_ARCH = YES;
				SDKROOT = macosx;
				SWIFT_ACTIVE_COMPILATION_CONDITIONS = DEBUG;
				SWIFT_OPTIMIZATION_LEVEL = "-Onone";
			};
			name = Debug;
		};
		BA82E0122579EC800009853A /* Release */ = {
			isa = XCBuildConfiguration;
			buildSettings = {
				ALWAYS_SEARCH_USER_PATHS = NO;
				CLANG_ANALYZER_NONNULL = YES;
				CLANG_ANALYZER_NUMBER_OBJECT_CONVERSION = YES_AGGRESSIVE;
				CLANG_CXX_LANGUAGE_STANDARD = "gnu++14";
				CLANG_CXX_LIBRARY = "libc++";
				CLANG_ENABLE_MODULES = YES;
				CLANG_ENABLE_OBJC_ARC = YES;
				CLANG_ENABLE_OBJC_WEAK = YES;
				CLANG_WARN_BLOCK_CAPTURE_AUTORELEASING = YES;
				CLANG_WARN_BOOL_CONVERSION = YES;
				CLANG_WARN_COMMA = YES;
				CLANG_WARN_CONSTANT_CONVERSION = YES;
				CLANG_WARN_DEPRECATED_OBJC_IMPLEMENTATIONS = YES;
				CLANG_WARN_DIRECT_OBJC_ISA_USAGE = YES_ERROR;
				CLANG_WARN_DOCUMENTATION_COMMENTS = YES;
				CLANG_WARN_EMPTY_BODY = YES;
				CLANG_WARN_ENUM_CONVERSION = YES;
				CLANG_WARN_INFINITE_RECURSION = YES;
				CLANG_WARN_INT_CONVERSION = YES;
				CLANG_WARN_NON_LITERAL_NULL_CONVERSION = YES;
				CLANG_WARN_OBJC_IMPLICIT_RETAIN_SELF = YES;
				CLANG_WARN_OBJC_LITERAL_CONVERSION = YES;
				CLANG_WARN_OBJC_ROOT_CLASS = YES_ERROR;
				CLANG_WARN_QUOTED_INCLUDE_IN_FRAMEWORK_HEADER = YES;
				CLANG_WARN_RANGE_LOOP_ANALYSIS = YES;
				CLANG_WARN_STRICT_PROTOTYPES = YES;
				CLANG_WARN_SUSPICIOUS_MOVE = YES;
				CLANG_WARN_UNGUARDED_AVAILABILITY = YES_AGGRESSIVE;
				CLANG_WARN_UNREACHABLE_CODE = YES;
				CLANG_WARN__DUPLICATE_METHOD_MATCH = YES;
				COPY_PHASE_STRIP = NO;
				DEBUG_INFORMATION_FORMAT = "dwarf-with-dsym";
				ENABLE_NS_ASSERTIONS = NO;
				ENABLE_STRICT_OBJC_MSGSEND = YES;
				GCC_C_LANGUAGE_STANDARD = gnu11;
				GCC_NO_COMMON_BLOCKS = YES;
				GCC_WARN_64_TO_32_BIT_CONVERSION = YES;
				GCC_WARN_ABOUT_RETURN_TYPE = YES_ERROR;
				GCC_WARN_UNDECLARED_SELECTOR = YES;
				GCC_WARN_UNINITIALIZED_AUTOS = YES_AGGRESSIVE;
				GCC_WARN_UNUSED_FUNCTION = YES;
				GCC_WARN_UNUSED_VARIABLE = YES;
				MACOSX_DEPLOYMENT_TARGET = 11.0;
				MTL_ENABLE_DEBUG_INFO = NO;
				MTL_FAST_MATH = YES;
				SDKROOT = macosx;
				SWIFT_COMPILATION_MODE = wholemodule;
				SWIFT_OPTIMIZATION_LEVEL = "-O";
			};
			name = Release;
		};
		BA82E0142579EC800009853A /* Debug */ = {
			isa = XCBuildConfiguration;
			buildSettings = {
				CODE_SIGN_STYLE = Automatic;
				PRODUCT_NAME = "$(TARGET_NAME)";
				SWIFT_VERSION = 5.0;
			};
			name = Debug;
		};
		BA82E0152579EC800009853A /* Release */ = {
			isa = XCBuildConfiguration;
			buildSettings = {
				CODE_SIGN_STYLE = Automatic;
				PRODUCT_NAME = "$(TARGET_NAME)";
				SWIFT_VERSION = 5.0;
			};
			name = Release;
		};
/* End XCBuildConfiguration section */

/* Begin XCConfigurationList section */
		BA82E0072579EC7F0009853A /* Build configuration list for PBXProject "Localizerlint" */ = {
			isa = XCConfigurationList;
			buildConfigurations = (
				BA82E0112579EC800009853A /* Debug */,
				BA82E0122579EC800009853A /* Release */,
			);
			defaultConfigurationIsVisible = 0;
			defaultConfigurationName = Release;
		};
		BA82E0132579EC800009853A /* Build configuration list for PBXNativeTarget "Localizerlint" */ = {
			isa = XCConfigurationList;
			buildConfigurations = (
				BA82E0142579EC800009853A /* Debug */,
				BA82E0152579EC800009853A /* Release */,
			);
			defaultConfigurationIsVisible = 0;
			defaultConfigurationName = Release;
		};
/* End XCConfigurationList section */

/* Begin XCRemoteSwiftPackageReference section */
		BA82E021257A8FE30009853A /* XCRemoteSwiftPackageReference "swift-argument-parser" */ = {
			isa = XCRemoteSwiftPackageReference;
			repositoryURL = "https://github.com/apple/swift-argument-parser";
			requirement = {
				kind = upToNextMinorVersion;
				minimumVersion = 0.3.1;
			};
		};
/* End XCRemoteSwiftPackageReference section */

/* Begin XCSwiftPackageProductDependency section */
		BA82E022257A8FE30009853A /* ArgumentParser */ = {
			isa = XCSwiftPackageProductDependency;
			package = BA82E021257A8FE30009853A /* XCRemoteSwiftPackageReference "swift-argument-parser" */;
			productName = ArgumentParser;
		};
/* End XCSwiftPackageProductDependency section */
	};
	rootObject = BA82E0042579EC7F0009853A /* Project object */;
}
