// !$*UTF8*$!
{
	archiveVersion = 1;
	classes = {
	};
	objectVersion = 54;
	objects = {

/* Begin PBXBuildFile section */
		BA1630412588390F00066062 /* LocalizerlintFramework.framework in Frameworks */ = {isa = PBXBuildFile; fileRef = BA1630382588390F00066062 /* LocalizerlintFramework.framework */; };
		BA1630482588390F00066062 /* LocalizerlintFramework.h in Headers */ = {isa = PBXBuildFile; fileRef = BA16303A2588390F00066062 /* LocalizerlintFramework.h */; settings = {ATTRIBUTES = (Public, ); }; };
		BA1630572588393A00066062 /* BuildLogTest.swift in Sources */ = {isa = PBXBuildFile; fileRef = BA1630562588393A00066062 /* BuildLogTest.swift */; };
		BA16308025883D8200066062 /* FileReaderTest.swift in Sources */ = {isa = PBXBuildFile; fileRef = BA16307F25883D8200066062 /* FileReaderTest.swift */; };
		BA66C0162589376300618B04 /* LocalizationStringsFile.swift in Sources */ = {isa = PBXBuildFile; fileRef = BA66C0082589376300618B04 /* LocalizationStringsFile.swift */; };
		BA66C0172589376300618B04 /* LocalizationCodeFile.swift in Sources */ = {isa = PBXBuildFile; fileRef = BA66C0092589376300618B04 /* LocalizationCodeFile.swift */; };
		BA66C0192589376300618B04 /* Logger.swift in Sources */ = {isa = PBXBuildFile; fileRef = BA66C00C2589376300618B04 /* Logger.swift */; };
		BA66C01A2589376300618B04 /* BuildLog.swift in Sources */ = {isa = PBXBuildFile; fileRef = BA66C00D2589376300618B04 /* BuildLog.swift */; };
		BA66C01B2589376300618B04 /* Loggable.swift in Sources */ = {isa = PBXBuildFile; fileRef = BA66C00E2589376300618B04 /* Loggable.swift */; };
		BA66C01C2589376300618B04 /* DirectoryHelper.swift in Sources */ = {isa = PBXBuildFile; fileRef = BA66C00F2589376300618B04 /* DirectoryHelper.swift */; };
		BA66C01D2589376300618B04 /* RegexEvaluatorError.swift in Sources */ = {isa = PBXBuildFile; fileRef = BA66C0112589376300618B04 /* RegexEvaluatorError.swift */; };
		BA66C01E2589376300618B04 /* RegexEvaluator.swift in Sources */ = {isa = PBXBuildFile; fileRef = BA66C0122589376300618B04 /* RegexEvaluator.swift */; };
		BA66C01F2589376300618B04 /* RegexPattern.swift in Sources */ = {isa = PBXBuildFile; fileRef = BA66C0132589376300618B04 /* RegexPattern.swift */; };
		BA66C0202589376300618B04 /* FileReader.swift in Sources */ = {isa = PBXBuildFile; fileRef = BA66C0142589376300618B04 /* FileReader.swift */; };
		BA66C0212589376300618B04 /* String+Whitespaces.swift in Sources */ = {isa = PBXBuildFile; fileRef = BA66C0152589376300618B04 /* String+Whitespaces.swift */; };
		BA66C034258938F200618B04 /* FileReaderOptions.swift in Sources */ = {isa = PBXBuildFile; fileRef = BA66C033258938F200618B04 /* FileReaderOptions.swift */; };
		BA66C038258938FF00618B04 /* FileReaderError.swift in Sources */ = {isa = PBXBuildFile; fileRef = BA66C037258938FF00618B04 /* FileReaderError.swift */; };
		BA66C0462589512C00618B04 /* LogType.swift in Sources */ = {isa = PBXBuildFile; fileRef = BA66C0452589512C00618B04 /* LogType.swift */; };
		BA66C05625897C1300618B04 /* RegexEvaluatorTest.swift in Sources */ = {isa = PBXBuildFile; fileRef = BA66C05525897C1300618B04 /* RegexEvaluatorTest.swift */; };
		BA66C05E258987B200618B04 /* StringExtensionTest.swift in Sources */ = {isa = PBXBuildFile; fileRef = BA66C05D258987B200618B04 /* StringExtensionTest.swift */; };
		BA66C0622589AA2900618B04 /* DirectoryHelperTest.swift in Sources */ = {isa = PBXBuildFile; fileRef = BA66C0612589AA2900618B04 /* DirectoryHelperTest.swift */; };
		BA66C070258A5AFD00618B04 /* FilesContents.swift in Sources */ = {isa = PBXBuildFile; fileRef = BA66C06F258A5AFD00618B04 /* FilesContents.swift */; };
		BA6A35B4258BFA4400B5B52A /* RuleViolation.swift in Sources */ = {isa = PBXBuildFile; fileRef = BA6A35B3258BFA4400B5B52A /* RuleViolation.swift */; };
		BA6A35BA258BFA5700B5B52A /* RuleViolationType.swift in Sources */ = {isa = PBXBuildFile; fileRef = BA6A35B9258BFA5700B5B52A /* RuleViolationType.swift */; };
		BA6A35BE258BFA7800B5B52A /* FileViolationTest.swift in Sources */ = {isa = PBXBuildFile; fileRef = BA6A35BD258BFA7800B5B52A /* FileViolationTest.swift */; };
		BA6A35C2258BFB1100B5B52A /* RuleViolationTest.swift in Sources */ = {isa = PBXBuildFile; fileRef = BA6A35C1258BFB1100B5B52A /* RuleViolationTest.swift */; };
		BA6A35C6258BFBCB00B5B52A /* LocalizationCodeFileTest.swift in Sources */ = {isa = PBXBuildFile; fileRef = BA6A35C5258BFBCB00B5B52A /* LocalizationCodeFileTest.swift */; };
		BA6A35CA258BFF4F00B5B52A /* LocalizedStringsFileTest.swift in Sources */ = {isa = PBXBuildFile; fileRef = BA6A35C9258BFF4F00B5B52A /* LocalizedStringsFileTest.swift */; };
		BA82E0102579EC800009853A /* main.swift in Sources */ = {isa = PBXBuildFile; fileRef = BA82E00F2579EC800009853A /* main.swift */; };
		BA82E023257A8FE30009853A /* ArgumentParser in Frameworks */ = {isa = PBXBuildFile; productRef = BA82E022257A8FE30009853A /* ArgumentParser */; };
		BA9D95A1258ABA6E00A0B5B2 /* LocalizerlintFramework.framework in Frameworks */ = {isa = PBXBuildFile; fileRef = BA1630382588390F00066062 /* LocalizerlintFramework.framework */; };
		BA9D95A2258ABA6E00A0B5B2 /* LocalizerlintFramework.framework in Embed Frameworks */ = {isa = PBXBuildFile; fileRef = BA1630382588390F00066062 /* LocalizerlintFramework.framework */; settings = {ATTRIBUTES = (CodeSignOnCopy, RemoveHeadersOnCopy, ); }; };
		BA9D95E9258ADAA800A0B5B2 /* FileViolation.swift in Sources */ = {isa = PBXBuildFile; fileRef = BA9D95E8258ADAA800A0B5B2 /* FileViolation.swift */; };
		BAFAB63B258BBC8E00C9A523 /* LocalizerlintError.swift in Sources */ = {isa = PBXBuildFile; fileRef = BAFAB63A258BBC8E00C9A523 /* LocalizerlintError.swift */; };
/* End PBXBuildFile section */

/* Begin PBXContainerItemProxy section */
		BA1630422588390F00066062 /* PBXContainerItemProxy */ = {
			isa = PBXContainerItemProxy;
			containerPortal = BA82E0042579EC7F0009853A /* Project object */;
			proxyType = 1;
			remoteGlobalIDString = BA1630372588390F00066062;
			remoteInfo = LocalizerlintFramework;
		};
		BA9D95A3258ABA6E00A0B5B2 /* PBXContainerItemProxy */ = {
			isa = PBXContainerItemProxy;
			containerPortal = BA82E0042579EC7F0009853A /* Project object */;
			proxyType = 1;
			remoteGlobalIDString = BA1630372588390F00066062;
			remoteInfo = LocalizerlintFramework;
		};
/* End PBXContainerItemProxy section */

/* Begin PBXCopyFilesBuildPhase section */
		BA82E00A2579EC7F0009853A /* CopyFiles */ = {
			isa = PBXCopyFilesBuildPhase;
			buildActionMask = 2147483647;
			dstPath = /usr/share/man/man1/;
			dstSubfolderSpec = 0;
			files = (
			);
			runOnlyForDeploymentPostprocessing = 1;
		};
		BA9D95A5258ABA6E00A0B5B2 /* Embed Frameworks */ = {
			isa = PBXCopyFilesBuildPhase;
			buildActionMask = 2147483647;
			dstPath = "";
			dstSubfolderSpec = 10;
			files = (
				BA9D95A2258ABA6E00A0B5B2 /* LocalizerlintFramework.framework in Embed Frameworks */,
			);
			name = "Embed Frameworks";
			runOnlyForDeploymentPostprocessing = 0;
		};
/* End PBXCopyFilesBuildPhase section */

/* Begin PBXFileReference section */
		BA1630382588390F00066062 /* LocalizerlintFramework.framework */ = {isa = PBXFileReference; explicitFileType = wrapper.framework; includeInIndex = 0; path = LocalizerlintFramework.framework; sourceTree = BUILT_PRODUCTS_DIR; };
		BA16303A2588390F00066062 /* LocalizerlintFramework.h */ = {isa = PBXFileReference; lastKnownFileType = sourcecode.c.h; path = LocalizerlintFramework.h; sourceTree = "<group>"; };
		BA16303B2588390F00066062 /* Info.plist */ = {isa = PBXFileReference; lastKnownFileType = text.plist.xml; path = Info.plist; sourceTree = "<group>"; };
		BA1630402588390F00066062 /* LocalizerlintFrameworkTests.xctest */ = {isa = PBXFileReference; explicitFileType = wrapper.cfbundle; includeInIndex = 0; path = LocalizerlintFrameworkTests.xctest; sourceTree = BUILT_PRODUCTS_DIR; };
		BA1630472588390F00066062 /* Info.plist */ = {isa = PBXFileReference; lastKnownFileType = text.plist.xml; path = Info.plist; sourceTree = "<group>"; };
		BA1630562588393A00066062 /* BuildLogTest.swift */ = {isa = PBXFileReference; lastKnownFileType = sourcecode.swift; path = BuildLogTest.swift; sourceTree = "<group>"; };
		BA16307F25883D8200066062 /* FileReaderTest.swift */ = {isa = PBXFileReference; lastKnownFileType = sourcecode.swift; path = FileReaderTest.swift; sourceTree = "<group>"; };
		BA66C0082589376300618B04 /* LocalizationStringsFile.swift */ = {isa = PBXFileReference; fileEncoding = 4; lastKnownFileType = sourcecode.swift; path = LocalizationStringsFile.swift; sourceTree = "<group>"; };
		BA66C0092589376300618B04 /* LocalizationCodeFile.swift */ = {isa = PBXFileReference; fileEncoding = 4; lastKnownFileType = sourcecode.swift; path = LocalizationCodeFile.swift; sourceTree = "<group>"; };
		BA66C00C2589376300618B04 /* Logger.swift */ = {isa = PBXFileReference; fileEncoding = 4; lastKnownFileType = sourcecode.swift; path = Logger.swift; sourceTree = "<group>"; };
		BA66C00D2589376300618B04 /* BuildLog.swift */ = {isa = PBXFileReference; fileEncoding = 4; lastKnownFileType = sourcecode.swift; path = BuildLog.swift; sourceTree = "<group>"; };
		BA66C00E2589376300618B04 /* Loggable.swift */ = {isa = PBXFileReference; fileEncoding = 4; lastKnownFileType = sourcecode.swift; path = Loggable.swift; sourceTree = "<group>"; };
		BA66C00F2589376300618B04 /* DirectoryHelper.swift */ = {isa = PBXFileReference; fileEncoding = 4; lastKnownFileType = sourcecode.swift; path = DirectoryHelper.swift; sourceTree = "<group>"; };
		BA66C0112589376300618B04 /* RegexEvaluatorError.swift */ = {isa = PBXFileReference; fileEncoding = 4; lastKnownFileType = sourcecode.swift; path = RegexEvaluatorError.swift; sourceTree = "<group>"; };
		BA66C0122589376300618B04 /* RegexEvaluator.swift */ = {isa = PBXFileReference; fileEncoding = 4; lastKnownFileType = sourcecode.swift; path = RegexEvaluator.swift; sourceTree = "<group>"; };
		BA66C0132589376300618B04 /* RegexPattern.swift */ = {isa = PBXFileReference; fileEncoding = 4; lastKnownFileType = sourcecode.swift; path = RegexPattern.swift; sourceTree = "<group>"; };
		BA66C0142589376300618B04 /* FileReader.swift */ = {isa = PBXFileReference; fileEncoding = 4; lastKnownFileType = sourcecode.swift; path = FileReader.swift; sourceTree = "<group>"; };
		BA66C0152589376300618B04 /* String+Whitespaces.swift */ = {isa = PBXFileReference; fileEncoding = 4; lastKnownFileType = sourcecode.swift; path = "String+Whitespaces.swift"; sourceTree = "<group>"; };
		BA66C033258938F200618B04 /* FileReaderOptions.swift */ = {isa = PBXFileReference; lastKnownFileType = sourcecode.swift; path = FileReaderOptions.swift; sourceTree = "<group>"; };
		BA66C037258938FF00618B04 /* FileReaderError.swift */ = {isa = PBXFileReference; lastKnownFileType = sourcecode.swift; path = FileReaderError.swift; sourceTree = "<group>"; };
		BA66C0452589512C00618B04 /* LogType.swift */ = {isa = PBXFileReference; lastKnownFileType = sourcecode.swift; path = LogType.swift; sourceTree = "<group>"; };
		BA66C05525897C1300618B04 /* RegexEvaluatorTest.swift */ = {isa = PBXFileReference; lastKnownFileType = sourcecode.swift; path = RegexEvaluatorTest.swift; sourceTree = "<group>"; };
		BA66C05D258987B200618B04 /* StringExtensionTest.swift */ = {isa = PBXFileReference; lastKnownFileType = sourcecode.swift; path = StringExtensionTest.swift; sourceTree = "<group>"; };
		BA66C0612589AA2900618B04 /* DirectoryHelperTest.swift */ = {isa = PBXFileReference; lastKnownFileType = sourcecode.swift; path = DirectoryHelperTest.swift; sourceTree = "<group>"; };
		BA66C06F258A5AFD00618B04 /* FilesContents.swift */ = {isa = PBXFileReference; lastKnownFileType = sourcecode.swift; path = FilesContents.swift; sourceTree = "<group>"; };
		BA6A35B3258BFA4400B5B52A /* RuleViolation.swift */ = {isa = PBXFileReference; lastKnownFileType = sourcecode.swift; path = RuleViolation.swift; sourceTree = "<group>"; };
		BA6A35B9258BFA5700B5B52A /* RuleViolationType.swift */ = {isa = PBXFileReference; lastKnownFileType = sourcecode.swift; path = RuleViolationType.swift; sourceTree = "<group>"; };
		BA6A35BD258BFA7800B5B52A /* FileViolationTest.swift */ = {isa = PBXFileReference; lastKnownFileType = sourcecode.swift; path = FileViolationTest.swift; sourceTree = "<group>"; };
		BA6A35C1258BFB1100B5B52A /* RuleViolationTest.swift */ = {isa = PBXFileReference; lastKnownFileType = sourcecode.swift; path = RuleViolationTest.swift; sourceTree = "<group>"; };
		BA6A35C5258BFBCB00B5B52A /* LocalizationCodeFileTest.swift */ = {isa = PBXFileReference; lastKnownFileType = sourcecode.swift; path = LocalizationCodeFileTest.swift; sourceTree = "<group>"; };
		BA6A35C9258BFF4F00B5B52A /* LocalizedStringsFileTest.swift */ = {isa = PBXFileReference; lastKnownFileType = sourcecode.swift; path = LocalizedStringsFileTest.swift; sourceTree = "<group>"; };
		BA82E00C2579EC7F0009853A /* Localizerlint */ = {isa = PBXFileReference; explicitFileType = "compiled.mach-o.executable"; includeInIndex = 0; path = Localizerlint; sourceTree = BUILT_PRODUCTS_DIR; };
		BA82E00F2579EC800009853A /* main.swift */ = {isa = PBXFileReference; lastKnownFileType = sourcecode.swift; path = main.swift; sourceTree = "<group>"; };
		BA9D95E8258ADAA800A0B5B2 /* FileViolation.swift */ = {isa = PBXFileReference; lastKnownFileType = sourcecode.swift; path = FileViolation.swift; sourceTree = "<group>"; };
		BAFAB63A258BBC8E00C9A523 /* LocalizerlintError.swift */ = {isa = PBXFileReference; lastKnownFileType = sourcecode.swift; path = LocalizerlintError.swift; sourceTree = "<group>"; };
/* End PBXFileReference section */

/* Begin PBXFrameworksBuildPhase section */
		BA1630352588390F00066062 /* Frameworks */ = {
			isa = PBXFrameworksBuildPhase;
			buildActionMask = 2147483647;
			files = (
			);
			runOnlyForDeploymentPostprocessing = 0;
		};
		BA16303D2588390F00066062 /* Frameworks */ = {
			isa = PBXFrameworksBuildPhase;
			buildActionMask = 2147483647;
			files = (
				BA1630412588390F00066062 /* LocalizerlintFramework.framework in Frameworks */,
			);
			runOnlyForDeploymentPostprocessing = 0;
		};
		BA82E0092579EC7F0009853A /* Frameworks */ = {
			isa = PBXFrameworksBuildPhase;
			buildActionMask = 2147483647;
			files = (
				BA9D95A1258ABA6E00A0B5B2 /* LocalizerlintFramework.framework in Frameworks */,
				BA82E023257A8FE30009853A /* ArgumentParser in Frameworks */,
			);
			runOnlyForDeploymentPostprocessing = 0;
		};
/* End PBXFrameworksBuildPhase section */

/* Begin PBXGroup section */
		BA1630392588390F00066062 /* LocalizerlintFramework */ = {
			isa = PBXGroup;
			children = (
				BA66C00F2589376300618B04 /* DirectoryHelper.swift */,
				BA66C0102589376300618B04 /* RegexEvaluator */,
				BA66C032258938E600618B04 /* FileReader */,
				BA66C03D25893DC700618B04 /* Source */,
				BA66C00B2589376300618B04 /* Logger */,
				BA66C04025893E1000618B04 /* Extensions */,
				BA16303A2588390F00066062 /* LocalizerlintFramework.h */,
				BA16303B2588390F00066062 /* Info.plist */,
			);
			path = LocalizerlintFramework;
			sourceTree = "<group>";
		};
		BA1630442588390F00066062 /* LocalizerlintFrameworkTests */ = {
			isa = PBXGroup;
			children = (
				BA66C06F258A5AFD00618B04 /* FilesContents.swift */,
				BA1630562588393A00066062 /* BuildLogTest.swift */,
				BA66C05D258987B200618B04 /* StringExtensionTest.swift */,
				BA16307F25883D8200066062 /* FileReaderTest.swift */,
				BA66C05525897C1300618B04 /* RegexEvaluatorTest.swift */,
				BA66C0612589AA2900618B04 /* DirectoryHelperTest.swift */,
				BA1630472588390F00066062 /* Info.plist */,
				BA6A35BD258BFA7800B5B52A /* FileViolationTest.swift */,
				BA6A35C1258BFB1100B5B52A /* RuleViolationTest.swift */,
				BA6A35C5258BFBCB00B5B52A /* LocalizationCodeFileTest.swift */,
				BA6A35C9258BFF4F00B5B52A /* LocalizedStringsFileTest.swift */,
			);
			path = LocalizerlintFrameworkTests;
			sourceTree = "<group>";
		};
		BA66C00B2589376300618B04 /* Logger */ = {
			isa = PBXGroup;
			children = (
				BA66C00E2589376300618B04 /* Loggable.swift */,
				BA66C00C2589376300618B04 /* Logger.swift */,
				BA66C00D2589376300618B04 /* BuildLog.swift */,
				BA66C0452589512C00618B04 /* LogType.swift */,
			);
			path = Logger;
			sourceTree = "<group>";
		};
		BA66C0102589376300618B04 /* RegexEvaluator */ = {
			isa = PBXGroup;
			children = (
				BA66C0122589376300618B04 /* RegexEvaluator.swift */,
				BA66C0132589376300618B04 /* RegexPattern.swift */,
				BA66C0112589376300618B04 /* RegexEvaluatorError.swift */,
			);
			path = RegexEvaluator;
			sourceTree = "<group>";
		};
		BA66C0282589377000618B04 /* Frameworks */ = {
			isa = PBXGroup;
			children = (
			);
			name = Frameworks;
			sourceTree = "<group>";
		};
		BA66C032258938E600618B04 /* FileReader */ = {
			isa = PBXGroup;
			children = (
				BA66C0142589376300618B04 /* FileReader.swift */,
				BA66C037258938FF00618B04 /* FileReaderError.swift */,
				BA66C033258938F200618B04 /* FileReaderOptions.swift */,
			);
			path = FileReader;
			sourceTree = "<group>";
		};
		BA66C03D25893DC700618B04 /* Source */ = {
			isa = PBXGroup;
			children = (
				BA9D95E8258ADAA800A0B5B2 /* FileViolation.swift */,
				BA6A35B3258BFA4400B5B52A /* RuleViolation.swift */,
				BA6A35B9258BFA5700B5B52A /* RuleViolationType.swift */,
				BA66C0092589376300618B04 /* LocalizationCodeFile.swift */,
				BA66C0082589376300618B04 /* LocalizationStringsFile.swift */,
			);
			path = Source;
			sourceTree = "<group>";
		};
		BA66C04025893E1000618B04 /* Extensions */ = {
			isa = PBXGroup;
			children = (
				BA66C0152589376300618B04 /* String+Whitespaces.swift */,
			);
			path = Extensions;
			sourceTree = "<group>";
		};
		BA82E0032579EC7F0009853A = {
			isa = PBXGroup;
			children = (
				BA82E00E2579EC800009853A /* Localizerlint */,
				BA1630392588390F00066062 /* LocalizerlintFramework */,
				BA1630442588390F00066062 /* LocalizerlintFrameworkTests */,
				BA82E00D2579EC800009853A /* Products */,
				BA66C0282589377000618B04 /* Frameworks */,
			);
			sourceTree = "<group>";
		};
		BA82E00D2579EC800009853A /* Products */ = {
			isa = PBXGroup;
			children = (
				BA82E00C2579EC7F0009853A /* Localizerlint */,
				BA1630382588390F00066062 /* LocalizerlintFramework.framework */,
				BA1630402588390F00066062 /* LocalizerlintFrameworkTests.xctest */,
			);
			name = Products;
			sourceTree = "<group>";
		};
		BA82E00E2579EC800009853A /* Localizerlint */ = {
			isa = PBXGroup;
			children = (
				BA82E00F2579EC800009853A /* main.swift */,
				BAFAB63A258BBC8E00C9A523 /* LocalizerlintError.swift */,
			);
			path = Localizerlint;
			sourceTree = "<group>";
		};
/* End PBXGroup section */

/* Begin PBXHeadersBuildPhase section */
		BA1630332588390F00066062 /* Headers */ = {
			isa = PBXHeadersBuildPhase;
			buildActionMask = 2147483647;
			files = (
				BA1630482588390F00066062 /* LocalizerlintFramework.h in Headers */,
			);
			runOnlyForDeploymentPostprocessing = 0;
		};
/* End PBXHeadersBuildPhase section */

/* Begin PBXNativeTarget section */
		BA1630372588390F00066062 /* LocalizerlintFramework */ = {
			isa = PBXNativeTarget;
			buildConfigurationList = BA16304D2588390F00066062 /* Build configuration list for PBXNativeTarget "LocalizerlintFramework" */;
			buildPhases = (
				BA1630332588390F00066062 /* Headers */,
				BA1630342588390F00066062 /* Sources */,
				BA1630352588390F00066062 /* Frameworks */,
				BA1630362588390F00066062 /* Resources */,
			);
			buildRules = (
			);
			dependencies = (
			);
			name = LocalizerlintFramework;
			productName = LocalizerlintFramework;
			productReference = BA1630382588390F00066062 /* LocalizerlintFramework.framework */;
			productType = "com.apple.product-type.framework";
		};
		BA16303F2588390F00066062 /* LocalizerlintFrameworkTests */ = {
			isa = PBXNativeTarget;
			buildConfigurationList = BA16304E2588390F00066062 /* Build configuration list for PBXNativeTarget "LocalizerlintFrameworkTests" */;
			buildPhases = (
				BA16303C2588390F00066062 /* Sources */,
				BA16303D2588390F00066062 /* Frameworks */,
				BA16303E2588390F00066062 /* Resources */,
			);
			buildRules = (
			);
			dependencies = (
				BA1630432588390F00066062 /* PBXTargetDependency */,
			);
			name = LocalizerlintFrameworkTests;
			productName = LocalizerlintFrameworkTests;
			productReference = BA1630402588390F00066062 /* LocalizerlintFrameworkTests.xctest */;
			productType = "com.apple.product-type.bundle.unit-test";
		};
		BA82E00B2579EC7F0009853A /* Localizerlint */ = {
			isa = PBXNativeTarget;
			buildConfigurationList = BA82E0132579EC800009853A /* Build configuration list for PBXNativeTarget "Localizerlint" */;
			buildPhases = (
				BA82E0082579EC7F0009853A /* Sources */,
				BA82E0092579EC7F0009853A /* Frameworks */,
				BA82E00A2579EC7F0009853A /* CopyFiles */,
				BA9D95A5258ABA6E00A0B5B2 /* Embed Frameworks */,
			);
			buildRules = (
			);
			dependencies = (
				BA9D95A4258ABA6E00A0B5B2 /* PBXTargetDependency */,
			);
			name = Localizerlint;
			packageProductDependencies = (
				BA82E022257A8FE30009853A /* ArgumentParser */,
			);
			productName = LocalizableLint;
			productReference = BA82E00C2579EC7F0009853A /* Localizerlint */;
			productType = "com.apple.product-type.tool";
		};
/* End PBXNativeTarget section */

/* Begin PBXProject section */
		BA82E0042579EC7F0009853A /* Project object */ = {
			isa = PBXProject;
			attributes = {
				LastSwiftUpdateCheck = 1220;
				LastUpgradeCheck = 1230;
				TargetAttributes = {
					BA1630372588390F00066062 = {
						CreatedOnToolsVersion = 12.2;
						LastSwiftMigration = 1230;
					};
					BA16303F2588390F00066062 = {
						CreatedOnToolsVersion = 12.2;
					};
					BA82E00B2579EC7F0009853A = {
						CreatedOnToolsVersion = 12.2;
					};
				};
			};
			buildConfigurationList = BA82E0072579EC7F0009853A /* Build configuration list for PBXProject "Localizerlint" */;
			compatibilityVersion = "Xcode 12.0";
			developmentRegion = en;
			hasScannedForEncodings = 0;
			knownRegions = (
				en,
				Base,
			);
			mainGroup = BA82E0032579EC7F0009853A;
			packageReferences = (
				BA82E021257A8FE30009853A /* XCRemoteSwiftPackageReference "swift-argument-parser" */,
			);
			productRefGroup = BA82E00D2579EC800009853A /* Products */;
			projectDirPath = "";
			projectRoot = "";
			targets = (
				BA82E00B2579EC7F0009853A /* Localizerlint */,
				BA1630372588390F00066062 /* LocalizerlintFramework */,
				BA16303F2588390F00066062 /* LocalizerlintFrameworkTests */,
			);
		};
/* End PBXProject section */

/* Begin PBXResourcesBuildPhase section */
		BA1630362588390F00066062 /* Resources */ = {
			isa = PBXResourcesBuildPhase;
			buildActionMask = 2147483647;
			files = (
			);
			runOnlyForDeploymentPostprocessing = 0;
		};
		BA16303E2588390F00066062 /* Resources */ = {
			isa = PBXResourcesBuildPhase;
			buildActionMask = 2147483647;
			files = (
			);
			runOnlyForDeploymentPostprocessing = 0;
		};
/* End PBXResourcesBuildPhase section */

/* Begin PBXSourcesBuildPhase section */
		BA1630342588390F00066062 /* Sources */ = {
			isa = PBXSourcesBuildPhase;
			buildActionMask = 2147483647;
			files = (
				BA66C01B2589376300618B04 /* Loggable.swift in Sources */,
				BA66C0212589376300618B04 /* String+Whitespaces.swift in Sources */,
				BA9D95E9258ADAA800A0B5B2 /* FileViolation.swift in Sources */,
				BA6A35B4258BFA4400B5B52A /* RuleViolation.swift in Sources */,
				BA66C01C2589376300618B04 /* DirectoryHelper.swift in Sources */,
				BA66C0162589376300618B04 /* LocalizationStringsFile.swift in Sources */,
				BA66C01A2589376300618B04 /* BuildLog.swift in Sources */,
				BA66C01D2589376300618B04 /* RegexEvaluatorError.swift in Sources */,
				BA6A35BA258BFA5700B5B52A /* RuleViolationType.swift in Sources */,
				BA66C0202589376300618B04 /* FileReader.swift in Sources */,
				BA66C0172589376300618B04 /* LocalizationCodeFile.swift in Sources */,
				BA66C0462589512C00618B04 /* LogType.swift in Sources */,
				BA66C01F2589376300618B04 /* RegexPattern.swift in Sources */,
				BA66C034258938F200618B04 /* FileReaderOptions.swift in Sources */,
				BA66C038258938FF00618B04 /* FileReaderError.swift in Sources */,
				BA66C0192589376300618B04 /* Logger.swift in Sources */,
				BA66C01E2589376300618B04 /* RegexEvaluator.swift in Sources */,
			);
			runOnlyForDeploymentPostprocessing = 0;
		};
		BA16303C2588390F00066062 /* Sources */ = {
			isa = PBXSourcesBuildPhase;
			buildActionMask = 2147483647;
			files = (
				BA6A35C2258BFB1100B5B52A /* RuleViolationTest.swift in Sources */,
				BA66C0622589AA2900618B04 /* DirectoryHelperTest.swift in Sources */,
				BA66C05E258987B200618B04 /* StringExtensionTest.swift in Sources */,
				BA16308025883D8200066062 /* FileReaderTest.swift in Sources */,
				BA66C05625897C1300618B04 /* RegexEvaluatorTest.swift in Sources */,
				BA1630572588393A00066062 /* BuildLogTest.swift in Sources */,
				BA6A35CA258BFF4F00B5B52A /* LocalizedStringsFileTest.swift in Sources */,
				BA66C070258A5AFD00618B04 /* FilesContents.swift in Sources */,
				BA6A35BE258BFA7800B5B52A /* FileViolationTest.swift in Sources */,
				BA6A35C6258BFBCB00B5B52A /* LocalizationCodeFileTest.swift in Sources */,
			);
			runOnlyForDeploymentPostprocessing = 0;
		};
		BA82E0082579EC7F0009853A /* Sources */ = {
			isa = PBXSourcesBuildPhase;
			buildActionMask = 2147483647;
			files = (
				BA82E0102579EC800009853A /* main.swift in Sources */,
				BAFAB63B258BBC8E00C9A523 /* LocalizerlintError.swift in Sources */,
			);
			runOnlyForDeploymentPostprocessing = 0;
		};
/* End PBXSourcesBuildPhase section */

/* Begin PBXTargetDependency section */
		BA1630432588390F00066062 /* PBXTargetDependency */ = {
			isa = PBXTargetDependency;
			target = BA1630372588390F00066062 /* LocalizerlintFramework */;
			targetProxy = BA1630422588390F00066062 /* PBXContainerItemProxy */;
		};
		BA9D95A4258ABA6E00A0B5B2 /* PBXTargetDependency */ = {
			isa = PBXTargetDependency;
			target = BA1630372588390F00066062 /* LocalizerlintFramework */;
			targetProxy = BA9D95A3258ABA6E00A0B5B2 /* PBXContainerItemProxy */;
		};
/* End PBXTargetDependency section */

/* Begin XCBuildConfiguration section */
		BA1630492588390F00066062 /* Debug */ = {
			isa = XCBuildConfiguration;
			buildSettings = {
				CLANG_ENABLE_MODULES = YES;
				CODE_SIGN_IDENTITY = "Apple Development";
				CODE_SIGN_STYLE = Manual;
				COMBINE_HIDPI_IMAGES = YES;
				CURRENT_PROJECT_VERSION = 1;
				DEFINES_MODULE = YES;
				DEVELOPMENT_TEAM = "";
				DYLIB_COMPATIBILITY_VERSION = 1;
				DYLIB_CURRENT_VERSION = 1;
				DYLIB_INSTALL_NAME_BASE = "@rpath";
				INFOPLIST_FILE = LocalizerlintFramework/Info.plist;
				INSTALL_PATH = "$(LOCAL_LIBRARY_DIR)/Frameworks";
				LD_RUNPATH_SEARCH_PATHS = (
					"$(inherited)",
					"@executable_path/../Frameworks",
					"@loader_path/Frameworks",
				);
				MACH_O_TYPE = staticlib;
				PRODUCT_BUNDLE_IDENTIFIER = com.slm.LocalizerlintFramework;
				PRODUCT_NAME = "$(TARGET_NAME:c99extidentifier)";
				PROVISIONING_PROFILE_SPECIFIER = "";
				SKIP_INSTALL = YES;
				SWIFT_OPTIMIZATION_LEVEL = "-Onone";
				SWIFT_VERSION = 5.0;
				VERSIONING_SYSTEM = "apple-generic";
				VERSION_INFO_PREFIX = "";
			};
			name = Debug;
		};
		BA16304A2588390F00066062 /* Release */ = {
			isa = XCBuildConfiguration;
			buildSettings = {
				CLANG_ENABLE_MODULES = YES;
				CODE_SIGN_IDENTITY = "Apple Development";
				CODE_SIGN_STYLE = Manual;
				COMBINE_HIDPI_IMAGES = YES;
				CURRENT_PROJECT_VERSION = 1;
				DEFINES_MODULE = YES;
				DEVELOPMENT_TEAM = "";
				DYLIB_COMPATIBILITY_VERSION = 1;
				DYLIB_CURRENT_VERSION = 1;
				DYLIB_INSTALL_NAME_BASE = "@rpath";
				INFOPLIST_FILE = LocalizerlintFramework/Info.plist;
				INSTALL_PATH = "$(LOCAL_LIBRARY_DIR)/Frameworks";
				LD_RUNPATH_SEARCH_PATHS = (
					"$(inherited)",
					"@executable_path/../Frameworks",
					"@loader_path/Frameworks",
				);
				MACH_O_TYPE = staticlib;
				PRODUCT_BUNDLE_IDENTIFIER = com.slm.LocalizerlintFramework;
				PRODUCT_NAME = "$(TARGET_NAME:c99extidentifier)";
				PROVISIONING_PROFILE_SPECIFIER = "";
				SKIP_INSTALL = YES;
				SWIFT_VERSION = 5.0;
				VERSIONING_SYSTEM = "apple-generic";
				VERSION_INFO_PREFIX = "";
			};
			name = Release;
		};
		BA16304B2588390F00066062 /* Debug */ = {
			isa = XCBuildConfiguration;
			buildSettings = {
				ALWAYS_EMBED_SWIFT_STANDARD_LIBRARIES = YES;
				CODE_SIGN_IDENTITY = "-";
				CODE_SIGN_STYLE = Manual;
				COMBINE_HIDPI_IMAGES = YES;
				DEVELOPMENT_TEAM = "";
				INFOPLIST_FILE = LocalizerlintFrameworkTests/Info.plist;
				LD_RUNPATH_SEARCH_PATHS = (
					"$(inherited)",
					"@executable_path/../Frameworks",
					"@loader_path/../Frameworks",
				);
				PRODUCT_BUNDLE_IDENTIFIER = com.slm.LocalizerlintFrameworkTests;
				PRODUCT_NAME = "$(TARGET_NAME)";
				PROVISIONING_PROFILE_SPECIFIER = "";
				SWIFT_VERSION = 5.0;
			};
			name = Debug;
		};
		BA16304C2588390F00066062 /* Release */ = {
			isa = XCBuildConfiguration;
			buildSettings = {
				ALWAYS_EMBED_SWIFT_STANDARD_LIBRARIES = YES;
				CODE_SIGN_IDENTITY = "-";
				CODE_SIGN_STYLE = Manual;
				COMBINE_HIDPI_IMAGES = YES;
				DEVELOPMENT_TEAM = "";
				INFOPLIST_FILE = LocalizerlintFrameworkTests/Info.plist;
				LD_RUNPATH_SEARCH_PATHS = (
					"$(inherited)",
					"@executable_path/../Frameworks",
					"@loader_path/../Frameworks",
				);
				PRODUCT_BUNDLE_IDENTIFIER = com.slm.LocalizerlintFrameworkTests;
				PRODUCT_NAME = "$(TARGET_NAME)";
				PROVISIONING_PROFILE_SPECIFIER = "";
				SWIFT_VERSION = 5.0;
			};
			name = Release;
		};
		BA82E0112579EC800009853A /* Debug */ = {
			isa = XCBuildConfiguration;
			buildSettings = {
				ALWAYS_SEARCH_USER_PATHS = NO;
				CLANG_ANALYZER_NONNULL = YES;
				CLANG_ANALYZER_NUMBER_OBJECT_CONVERSION = YES_AGGRESSIVE;
				CLANG_CXX_LANGUAGE_STANDARD = "gnu++14";
				CLANG_CXX_LIBRARY = "libc++";
				CLANG_ENABLE_MODULES = YES;
				CLANG_ENABLE_OBJC_ARC = YES;
				CLANG_ENABLE_OBJC_WEAK = YES;
				CLANG_WARN_BLOCK_CAPTURE_AUTORELEASING = YES;
				CLANG_WARN_BOOL_CONVERSION = YES;
				CLANG_WARN_COMMA = YES;
				CLANG_WARN_CONSTANT_CONVERSION = YES;
				CLANG_WARN_DEPRECATED_OBJC_IMPLEMENTATIONS = YES;
				CLANG_WARN_DIRECT_OBJC_ISA_USAGE = YES_ERROR;
				CLANG_WARN_DOCUMENTATION_COMMENTS = YES;
				CLANG_WARN_EMPTY_BODY = YES;
				CLANG_WARN_ENUM_CONVERSION = YES;
				CLANG_WARN_INFINITE_RECURSION = YES;
				CLANG_WARN_INT_CONVERSION = YES;
				CLANG_WARN_NON_LITERAL_NULL_CONVERSION = YES;
				CLANG_WARN_OBJC_IMPLICIT_RETAIN_SELF = YES;
				CLANG_WARN_OBJC_LITERAL_CONVERSION = YES;
				CLANG_WARN_OBJC_ROOT_CLASS = YES_ERROR;
				CLANG_WARN_QUOTED_INCLUDE_IN_FRAMEWORK_HEADER = YES;
				CLANG_WARN_RANGE_LOOP_ANALYSIS = YES;
				CLANG_WARN_STRICT_PROTOTYPES = YES;
				CLANG_WARN_SUSPICIOUS_MOVE = YES;
				CLANG_WARN_UNGUARDED_AVAILABILITY = YES_AGGRESSIVE;
				CLANG_WARN_UNREACHABLE_CODE = YES;
				CLANG_WARN__DUPLICATE_METHOD_MATCH = YES;
				COPY_PHASE_STRIP = NO;
				DEBUG_INFORMATION_FORMAT = dwarf;
				ENABLE_STRICT_OBJC_MSGSEND = YES;
				ENABLE_TESTABILITY = YES;
				GCC_C_LANGUAGE_STANDARD = gnu11;
				GCC_DYNAMIC_NO_PIC = NO;
				GCC_NO_COMMON_BLOCKS = YES;
				GCC_OPTIMIZATION_LEVEL = 0;
				GCC_PREPROCESSOR_DEFINITIONS = (
					"DEBUG=1",
					"$(inherited)",
				);
				GCC_WARN_64_TO_32_BIT_CONVERSION = YES;
				GCC_WARN_ABOUT_RETURN_TYPE = YES_ERROR;
				GCC_WARN_UNDECLARED_SELECTOR = YES;
				GCC_WARN_UNINITIALIZED_AUTOS = YES_AGGRESSIVE;
				GCC_WARN_UNUSED_FUNCTION = YES;
				GCC_WARN_UNUSED_VARIABLE = YES;
				MACOSX_DEPLOYMENT_TARGET = 10.15;
				MTL_ENABLE_DEBUG_INFO = INCLUDE_SOURCE;
				MTL_FAST_MATH = YES;
				ONLY_ACTIVE_ARCH = YES;
				SDKROOT = macosx;
				SWIFT_ACTIVE_COMPILATION_CONDITIONS = DEBUG;
				SWIFT_OPTIMIZATION_LEVEL = "-Onone";
			};
			name = Debug;
		};
		BA82E0122579EC800009853A /* Release */ = {
			isa = XCBuildConfiguration;
			buildSettings = {
				ALWAYS_SEARCH_USER_PATHS = NO;
				CLANG_ANALYZER_NONNULL = YES;
				CLANG_ANALYZER_NUMBER_OBJECT_CONVERSION = YES_AGGRESSIVE;
				CLANG_CXX_LANGUAGE_STANDARD = "gnu++14";
				CLANG_CXX_LIBRARY = "libc++";
				CLANG_ENABLE_MODULES = YES;
				CLANG_ENABLE_OBJC_ARC = YES;
				CLANG_ENABLE_OBJC_WEAK = YES;
				CLANG_WARN_BLOCK_CAPTURE_AUTORELEASING = YES;
				CLANG_WARN_BOOL_CONVERSION = YES;
				CLANG_WARN_COMMA = YES;
				CLANG_WARN_CONSTANT_CONVERSION = YES;
				CLANG_WARN_DEPRECATED_OBJC_IMPLEMENTATIONS = YES;
				CLANG_WARN_DIRECT_OBJC_ISA_USAGE = YES_ERROR;
				CLANG_WARN_DOCUMENTATION_COMMENTS = YES;
				CLANG_WARN_EMPTY_BODY = YES;
				CLANG_WARN_ENUM_CONVERSION = YES;
				CLANG_WARN_INFINITE_RECURSION = YES;
				CLANG_WARN_INT_CONVERSION = YES;
				CLANG_WARN_NON_LITERAL_NULL_CONVERSION = YES;
				CLANG_WARN_OBJC_IMPLICIT_RETAIN_SELF = YES;
				CLANG_WARN_OBJC_LITERAL_CONVERSION = YES;
				CLANG_WARN_OBJC_ROOT_CLASS = YES_ERROR;
				CLANG_WARN_QUOTED_INCLUDE_IN_FRAMEWORK_HEADER = YES;
				CLANG_WARN_RANGE_LOOP_ANALYSIS = YES;
				CLANG_WARN_STRICT_PROTOTYPES = YES;
				CLANG_WARN_SUSPICIOUS_MOVE = YES;
				CLANG_WARN_UNGUARDED_AVAILABILITY = YES_AGGRESSIVE;
				CLANG_WARN_UNREACHABLE_CODE = YES;
				CLANG_WARN__DUPLICATE_METHOD_MATCH = YES;
				COPY_PHASE_STRIP = NO;
				DEBUG_INFORMATION_FORMAT = "dwarf-with-dsym";
				ENABLE_NS_ASSERTIONS = NO;
				ENABLE_STRICT_OBJC_MSGSEND = YES;
				GCC_C_LANGUAGE_STANDARD = gnu11;
				GCC_NO_COMMON_BLOCKS = YES;
				GCC_WARN_64_TO_32_BIT_CONVERSION = YES;
				GCC_WARN_ABOUT_RETURN_TYPE = YES_ERROR;
				GCC_WARN_UNDECLARED_SELECTOR = YES;
				GCC_WARN_UNINITIALIZED_AUTOS = YES_AGGRESSIVE;
				GCC_WARN_UNUSED_FUNCTION = YES;
				GCC_WARN_UNUSED_VARIABLE = YES;
				MACOSX_DEPLOYMENT_TARGET = 10.15;
				MTL_ENABLE_DEBUG_INFO = NO;
				MTL_FAST_MATH = YES;
				SDKROOT = macosx;
				SWIFT_COMPILATION_MODE = wholemodule;
				SWIFT_OPTIMIZATION_LEVEL = "-O";
			};
			name = Release;
		};
		BA82E0142579EC800009853A /* Debug */ = {
			isa = XCBuildConfiguration;
			buildSettings = {
				CODE_SIGN_IDENTITY = "-";
				CODE_SIGN_STYLE = Automatic;
				PRODUCT_NAME = "$(TARGET_NAME)";
				SWIFT_VERSION = 5.0;
			};
			name = Debug;
		};
		BA82E0152579EC800009853A /* Release */ = {
			isa = XCBuildConfiguration;
			buildSettings = {
				CODE_SIGN_IDENTITY = "-";
				CODE_SIGN_STYLE = Automatic;
				PRODUCT_NAME = "$(TARGET_NAME)";
				SWIFT_VERSION = 5.0;
			};
			name = Release;
		};
/* End XCBuildConfiguration section */

/* Begin XCConfigurationList section */
		BA16304D2588390F00066062 /* Build configuration list for PBXNativeTarget "LocalizerlintFramework" */ = {
			isa = XCConfigurationList;
			buildConfigurations = (
				BA1630492588390F00066062 /* Debug */,
				BA16304A2588390F00066062 /* Release */,
			);
			defaultConfigurationIsVisible = 0;
			defaultConfigurationName = Release;
		};
		BA16304E2588390F00066062 /* Build configuration list for PBXNativeTarget "LocalizerlintFrameworkTests" */ = {
			isa = XCConfigurationList;
			buildConfigurations = (
				BA16304B2588390F00066062 /* Debug */,
				BA16304C2588390F00066062 /* Release */,
			);
			defaultConfigurationIsVisible = 0;
			defaultConfigurationName = Release;
		};
		BA82E0072579EC7F0009853A /* Build configuration list for PBXProject "Localizerlint" */ = {
			isa = XCConfigurationList;
			buildConfigurations = (
				BA82E0112579EC800009853A /* Debug */,
				BA82E0122579EC800009853A /* Release */,
			);
			defaultConfigurationIsVisible = 0;
			defaultConfigurationName = Release;
		};
		BA82E0132579EC800009853A /* Build configuration list for PBXNativeTarget "Localizerlint" */ = {
			isa = XCConfigurationList;
			buildConfigurations = (
				BA82E0142579EC800009853A /* Debug */,
				BA82E0152579EC800009853A /* Release */,
			);
			defaultConfigurationIsVisible = 0;
			defaultConfigurationName = Release;
		};
/* End XCConfigurationList section */

/* Begin XCRemoteSwiftPackageReference section */
		BA82E021257A8FE30009853A /* XCRemoteSwiftPackageReference "swift-argument-parser" */ = {
			isa = XCRemoteSwiftPackageReference;
			repositoryURL = "https://github.com/apple/swift-argument-parser";
			requirement = {
				kind = upToNextMinorVersion;
				minimumVersion = 0.3.1;
			};
		};
/* End XCRemoteSwiftPackageReference section */

/* Begin XCSwiftPackageProductDependency section */
		BA82E022257A8FE30009853A /* ArgumentParser */ = {
			isa = XCSwiftPackageProductDependency;
			package = BA82E021257A8FE30009853A /* XCRemoteSwiftPackageReference "swift-argument-parser" */;
			productName = ArgumentParser;
		};
/* End XCSwiftPackageProductDependency section */
	};
	rootObject = BA82E0042579EC7F0009853A /* Project object */;
}
